
Microsoft Visual Studio Solution File, Format Version 12.00
# Visual Studio Version 17
VisualStudioVersion = 17.6.33815.320
MinimumVisualStudioVersion = 10.0.40219.1
Project("{2150E333-8FDC-42A3-9474-1A3956D46DE8}") = "src", "src", "{A3FC3014-1122-40A3-B7BE-506B59811EF2}"
EndProject
Project("{2150E333-8FDC-42A3-9474-1A3956D46DE8}") = "test", "test", "{236E272D-92A6-485F-903F-E9AA6CC6C484}"
EndProject
Project("{9A19103F-16F7-4668-BE54-9A1E7A4F7556}") = "PetsAdoption.Api", "src\PetsAdoption.Api\PetsAdoption.Api.csproj", "{05BB61A5-2A94-4F0F-99C7-87C487D3D337}"
EndProject
Project("{9A19103F-16F7-4668-BE54-9A1E7A4F7556}") = "PetsAdoptions.Api.Tests", "test\PetsAdoptions.Api.Tests\PetsAdoptions.Api.Tests.csproj", "{9305340B-E5FA-42CC-838C-805679CE5707}"
EndProject
Project("{FAE04EC0-301F-11D3-BF4B-00C04F79EFBC}") = "PetsAdoption.Domain", "src\PetsAdoption.Domain\PetsAdoption.Domain.csproj", "{C52F6605-3FB7-49AA-8707-E70CCA971941}"
EndProject
Project("{FAE04EC0-301F-11D3-BF4B-00C04F79EFBC}") = "PetsAdoption.Infrastructure", "src\PetsAdoption.Infrastructure\PetsAdoption.Infrastructure.csproj", "{211AE3DC-304A-4305-BE72-3B0CC796A49B}"
EndProject
Project("{FAE04EC0-301F-11D3-BF4B-00C04F79EFBC}") = "PetsAdoption.Domain.Tests", "test\PetsAdoption.Domain.Tests\PetsAdoption.Domain.Tests.csproj", "{DAD50796-7CB1-4652-B8DC-CCE94C4EC1CC}"
EndProject
Project("{FAE04EC0-301F-11D3-BF4B-00C04F79EFBC}") = "PetsAdoption.Infrastructure.Tests", "test\PetsAdoption.Infrastructure.Tests\PetsAdoption.Infrastructure.Tests.csproj", "{0F89BF30-4AFB-4E8F-88CC-0564BF4DDD82}"
EndProject
Global
	GlobalSection(SolutionConfigurationPlatforms) = preSolution
		Debug|Any CPU = Debug|Any CPU
		Release|Any CPU = Release|Any CPU
	EndGlobalSection
	GlobalSection(ProjectConfigurationPlatforms) = postSolution
		{05BB61A5-2A94-4F0F-99C7-87C487D3D337}.Debug|Any CPU.ActiveCfg = Debug|Any CPU
		{05BB61A5-2A94-4F0F-99C7-87C487D3D337}.Debug|Any CPU.Build.0 = Debug|Any CPU
		{05BB61A5-2A94-4F0F-99C7-87C487D3D337}.Release|Any CPU.ActiveCfg = Release|Any CPU
		{05BB61A5-2A94-4F0F-99C7-87C487D3D337}.Release|Any CPU.Build.0 = Release|Any CPU
		{9305340B-E5FA-42CC-838C-805679CE5707}.Debug|Any CPU.ActiveCfg = Debug|Any CPU
		{9305340B-E5FA-42CC-838C-805679CE5707}.Debug|Any CPU.Build.0 = Debug|Any CPU
		{9305340B-E5FA-42CC-838C-805679CE5707}.Release|Any CPU.ActiveCfg = Release|Any CPU
		{9305340B-E5FA-42CC-838C-805679CE5707}.Release|Any CPU.Build.0 = Release|Any CPU
		{C52F6605-3FB7-49AA-8707-E70CCA971941}.Debug|Any CPU.ActiveCfg = Debug|Any CPU
		{C52F6605-3FB7-49AA-8707-E70CCA971941}.Debug|Any CPU.Build.0 = Debug|Any CPU
		{C52F6605-3FB7-49AA-8707-E70CCA971941}.Release|Any CPU.ActiveCfg = Release|Any CPU
		{C52F6605-3FB7-49AA-8707-E70CCA971941}.Release|Any CPU.Build.0 = Release|Any CPU
		{211AE3DC-304A-4305-BE72-3B0CC796A49B}.Debug|Any CPU.ActiveCfg = Debug|Any CPU
		{211AE3DC-304A-4305-BE72-3B0CC796A49B}.Debug|Any CPU.Build.0 = Debug|Any CPU
		{211AE3DC-304A-4305-BE72-3B0CC796A49B}.Release|Any CPU.ActiveCfg = Release|Any CPU
		{211AE3DC-304A-4305-BE72-3B0CC796A49B}.Release|Any CPU.Build.0 = Release|Any CPU
		{DAD50796-7CB1-4652-B8DC-CCE94C4EC1CC}.Debug|Any CPU.ActiveCfg = Debug|Any CPU
		{DAD50796-7CB1-4652-B8DC-CCE94C4EC1CC}.Debug|Any CPU.Build.0 = Debug|Any CPU
		{DAD50796-7CB1-4652-B8DC-CCE94C4EC1CC}.Release|Any CPU.ActiveCfg = Release|Any CPU
		{DAD50796-7CB1-4652-B8DC-CCE94C4EC1CC}.Release|Any CPU.Build.0 = Release|Any CPU
		{0F89BF30-4AFB-4E8F-88CC-0564BF4DDD82}.Debug|Any CPU.ActiveCfg = Debug|Any CPU
		{0F89BF30-4AFB-4E8F-88CC-0564BF4DDD82}.Debug|Any CPU.Build.0 = Debug|Any CPU
		{0F89BF30-4AFB-4E8F-88CC-0564BF4DDD82}.Release|Any CPU.ActiveCfg = Release|Any CPU
		{0F89BF30-4AFB-4E8F-88CC-0564BF4DDD82}.Release|Any CPU.Build.0 = Release|Any CPU
	EndGlobalSection
	GlobalSection(SolutionProperties) = preSolution
		HideSolutionNode = FALSE
	EndGlobalSection
	GlobalSection(NestedProjects) = preSolution
		{05BB61A5-2A94-4F0F-99C7-87C487D3D337} = {A3FC3014-1122-40A3-B7BE-506B59811EF2}
		{9305340B-E5FA-42CC-838C-805679CE5707} = {236E272D-92A6-485F-903F-E9AA6CC6C484}
		{C52F6605-3FB7-49AA-8707-E70CCA971941} = {A3FC3014-1122-40A3-B7BE-506B59811EF2}
		{211AE3DC-304A-4305-BE72-3B0CC796A49B} = {A3FC3014-1122-40A3-B7BE-506B59811EF2}
		{DAD50796-7CB1-4652-B8DC-CCE94C4EC1CC} = {236E272D-92A6-485F-903F-E9AA6CC6C484}
		{0F89BF30-4AFB-4E8F-88CC-0564BF4DDD82} = {236E272D-92A6-485F-903F-E9AA6CC6C484}
	EndGlobalSection
	GlobalSection(ExtensibilityGlobals) = postSolution
		SolutionGuid = {067A53E8-5775-43F3-BCC4-67150C7C2C05}
	EndGlobalSection
EndGlobal
